// !$*UTF8*$!
{
	archiveVersion = 1;
	classes = {
	};
	objectVersion = 50;
	objects = {

/* Begin PBXBuildFile section */
		AB6AF12621404A7F006444FA /* AppDelegate.swift in Sources */ = {isa = PBXBuildFile; fileRef = AB6AF12521404A7F006444FA /* AppDelegate.swift */; };
		AB6AF12821404A7F006444FA /* ViewController.swift in Sources */ = {isa = PBXBuildFile; fileRef = AB6AF12721404A7F006444FA /* ViewController.swift */; };
		AB6AF12B21404A7F006444FA /* Main.storyboard in Resources */ = {isa = PBXBuildFile; fileRef = AB6AF12921404A7F006444FA /* Main.storyboard */; };
		AB6AF12D21404A80006444FA /* Assets.xcassets in Resources */ = {isa = PBXBuildFile; fileRef = AB6AF12C21404A80006444FA /* Assets.xcassets */; };
		AB6AF13021404A80006444FA /* LaunchScreen.storyboard in Resources */ = {isa = PBXBuildFile; fileRef = AB6AF12E21404A80006444FA /* LaunchScreen.storyboard */; };
		AB6AF13B21404A80006444FA /* BlazingOnionsTests.swift in Sources */ = {isa = PBXBuildFile; fileRef = AB6AF13A21404A80006444FA /* BlazingOnionsTests.swift */; };
		AB6AF14621404A80006444FA /* BlazingOnionsUITests.swift in Sources */ = {isa = PBXBuildFile; fileRef = AB6AF14521404A80006444FA /* BlazingOnionsUITests.swift */; };
		ABAA0235214833FC00C0A76B /* agency-fb-bold_[allfont.net].ttf in Resources */ = {isa = PBXBuildFile; fileRef = ABAA0234214833FB00C0A76B /* agency-fb-bold_[allfont.net].ttf */; };
		ABAA0238214866CB00C0A76B /* DrinksCollectionViewCell.swift in Sources */ = {isa = PBXBuildFile; fileRef = ABAA0236214866CB00C0A76B /* DrinksCollectionViewCell.swift */; };
		ABAA0239214866CB00C0A76B /* DrinksCollectionViewCell.xib in Resources */ = {isa = PBXBuildFile; fileRef = ABAA0237214866CB00C0A76B /* DrinksCollectionViewCell.xib */; };
		ABAA023C214973E800C0A76B /* BurgerCollectionViewCell.swift in Sources */ = {isa = PBXBuildFile; fileRef = ABAA023A214973E800C0A76B /* BurgerCollectionViewCell.swift */; };
		ABAA023D214973E800C0A76B /* BurgerCollectionViewCell.xib in Resources */ = {isa = PBXBuildFile; fileRef = ABAA023B214973E800C0A76B /* BurgerCollectionViewCell.xib */; };
		ABADF9B221430988002B2E0C /* totalViewController.swift in Sources */ = {isa = PBXBuildFile; fileRef = ABADF9B121430988002B2E0C /* totalViewController.swift */; };
		ABADF9B421433445002B2E0C /* FoodViewController.swift in Sources */ = {isa = PBXBuildFile; fileRef = ABADF9B321433445002B2E0C /* FoodViewController.swift */; };
		ABADF9B6214343EE002B2E0C /* DrinksViewController.swift in Sources */ = {isa = PBXBuildFile; fileRef = ABADF9B5214343EE002B2E0C /* DrinksViewController.swift */; };
		ABADF9B821434412002B2E0C /* DessertViewController.swift in Sources */ = {isa = PBXBuildFile; fileRef = ABADF9B721434412002B2E0C /* DessertViewController.swift */; };
		ABF260672141A31C0003EF1F /* HomePageViewController.swift in Sources */ = {isa = PBXBuildFile; fileRef = ABF260662141A31C0003EF1F /* HomePageViewController.swift */; };
/* End PBXBuildFile section */

/* Begin PBXContainerItemProxy section */
		AB6AF13721404A80006444FA /* PBXContainerItemProxy */ = {
			isa = PBXContainerItemProxy;
			containerPortal = AB6AF11A21404A7F006444FA /* Project object */;
			proxyType = 1;
			remoteGlobalIDString = AB6AF12121404A7F006444FA;
			remoteInfo = BlazingOnions;
		};
		AB6AF14221404A80006444FA /* PBXContainerItemProxy */ = {
			isa = PBXContainerItemProxy;
			containerPortal = AB6AF11A21404A7F006444FA /* Project object */;
			proxyType = 1;
			remoteGlobalIDString = AB6AF12121404A7F006444FA;
			remoteInfo = BlazingOnions;
		};
/* End PBXContainerItemProxy section */

/* Begin PBXFileReference section */
		AB6AF12221404A7F006444FA /* BlazingOnions.app */ = {isa = PBXFileReference; explicitFileType = wrapper.application; includeInIndex = 0; path = BlazingOnions.app; sourceTree = BUILT_PRODUCTS_DIR; };
		AB6AF12521404A7F006444FA /* AppDelegate.swift */ = {isa = PBXFileReference; lastKnownFileType = sourcecode.swift; path = AppDelegate.swift; sourceTree = "<group>"; };
		AB6AF12721404A7F006444FA /* ViewController.swift */ = {isa = PBXFileReference; lastKnownFileType = sourcecode.swift; path = ViewController.swift; sourceTree = "<group>"; };
		AB6AF12A21404A7F006444FA /* Base */ = {isa = PBXFileReference; lastKnownFileType = file.storyboard; name = Base; path = Base.lproj/Main.storyboard; sourceTree = "<group>"; };
		AB6AF12C21404A80006444FA /* Assets.xcassets */ = {isa = PBXFileReference; lastKnownFileType = folder.assetcatalog; path = Assets.xcassets; sourceTree = "<group>"; };
		AB6AF12F21404A80006444FA /* Base */ = {isa = PBXFileReference; lastKnownFileType = file.storyboard; name = Base; path = Base.lproj/LaunchScreen.storyboard; sourceTree = "<group>"; };
		AB6AF13121404A80006444FA /* Info.plist */ = {isa = PBXFileReference; lastKnownFileType = text.plist.xml; path = Info.plist; sourceTree = "<group>"; };
		AB6AF13621404A80006444FA /* BlazingOnionsTests.xctest */ = {isa = PBXFileReference; explicitFileType = wrapper.cfbundle; includeInIndex = 0; path = BlazingOnionsTests.xctest; sourceTree = BUILT_PRODUCTS_DIR; };
		AB6AF13A21404A80006444FA /* BlazingOnionsTests.swift */ = {isa = PBXFileReference; lastKnownFileType = sourcecode.swift; path = BlazingOnionsTests.swift; sourceTree = "<group>"; };
		AB6AF13C21404A80006444FA /* Info.plist */ = {isa = PBXFileReference; lastKnownFileType = text.plist.xml; path = Info.plist; sourceTree = "<group>"; };
		AB6AF14121404A80006444FA /* BlazingOnionsUITests.xctest */ = {isa = PBXFileReference; explicitFileType = wrapper.cfbundle; includeInIndex = 0; path = BlazingOnionsUITests.xctest; sourceTree = BUILT_PRODUCTS_DIR; };
		AB6AF14521404A80006444FA /* BlazingOnionsUITests.swift */ = {isa = PBXFileReference; lastKnownFileType = sourcecode.swift; path = BlazingOnionsUITests.swift; sourceTree = "<group>"; };
		AB6AF14721404A80006444FA /* Info.plist */ = {isa = PBXFileReference; lastKnownFileType = text.plist.xml; path = Info.plist; sourceTree = "<group>"; };
		ABAA0234214833FB00C0A76B /* agency-fb-bold_[allfont.net].ttf */ = {isa = PBXFileReference; lastKnownFileType = file; path = "agency-fb-bold_[allfont.net].ttf"; sourceTree = "<group>"; };
		ABAA0236214866CB00C0A76B /* DrinksCollectionViewCell.swift */ = {isa = PBXFileReference; lastKnownFileType = sourcecode.swift; path = DrinksCollectionViewCell.swift; sourceTree = "<group>"; };
		ABAA0237214866CB00C0A76B /* DrinksCollectionViewCell.xib */ = {isa = PBXFileReference; lastKnownFileType = file.xib; path = DrinksCollectionViewCell.xib; sourceTree = "<group>"; };
		ABAA023A214973E800C0A76B /* BurgerCollectionViewCell.swift */ = {isa = PBXFileReference; lastKnownFileType = sourcecode.swift; path = BurgerCollectionViewCell.swift; sourceTree = "<group>"; };
		ABAA023B214973E800C0A76B /* BurgerCollectionViewCell.xib */ = {isa = PBXFileReference; lastKnownFileType = file.xib; path = BurgerCollectionViewCell.xib; sourceTree = "<group>"; };
		ABADF9B121430988002B2E0C /* totalViewController.swift */ = {isa = PBXFileReference; lastKnownFileType = sourcecode.swift; path = totalViewController.swift; sourceTree = "<group>"; };
		ABADF9B321433445002B2E0C /* FoodViewController.swift */ = {isa = PBXFileReference; lastKnownFileType = sourcecode.swift; path = FoodViewController.swift; sourceTree = "<group>"; };
		ABADF9B5214343EE002B2E0C /* DrinksViewController.swift */ = {isa = PBXFileReference; lastKnownFileType = sourcecode.swift; path = DrinksViewController.swift; sourceTree = "<group>"; };
		ABADF9B721434412002B2E0C /* DessertViewController.swift */ = {isa = PBXFileReference; lastKnownFileType = sourcecode.swift; path = DessertViewController.swift; sourceTree = "<group>"; };
		ABF260662141A31C0003EF1F /* HomePageViewController.swift */ = {isa = PBXFileReference; lastKnownFileType = sourcecode.swift; path = HomePageViewController.swift; sourceTree = "<group>"; };
/* End PBXFileReference section */

/* Begin PBXFrameworksBuildPhase section */
		AB6AF11F21404A7F006444FA /* Frameworks */ = {
			isa = PBXFrameworksBuildPhase;
			buildActionMask = 2147483647;
			files = (
			);
			runOnlyForDeploymentPostprocessing = 0;
		};
		AB6AF13321404A80006444FA /* Frameworks */ = {
			isa = PBXFrameworksBuildPhase;
			buildActionMask = 2147483647;
			files = (
			);
			runOnlyForDeploymentPostprocessing = 0;
		};
		AB6AF13E21404A80006444FA /* Frameworks */ = {
			isa = PBXFrameworksBuildPhase;
			buildActionMask = 2147483647;
			files = (
			);
			runOnlyForDeploymentPostprocessing = 0;
		};
/* End PBXFrameworksBuildPhase section */

/* Begin PBXGroup section */
		AB6AF11921404A7F006444FA = {
			isa = PBXGroup;
			children = (
				AB6AF12421404A7F006444FA /* BlazingOnions */,
				AB6AF13921404A80006444FA /* BlazingOnionsTests */,
				AB6AF14421404A80006444FA /* BlazingOnionsUITests */,
				AB6AF12321404A7F006444FA /* Products */,
			);
			sourceTree = "<group>";
		};
		AB6AF12321404A7F006444FA /* Products */ = {
			isa = PBXGroup;
			children = (
				AB6AF12221404A7F006444FA /* BlazingOnions.app */,
				AB6AF13621404A80006444FA /* BlazingOnionsTests.xctest */,
				AB6AF14121404A80006444FA /* BlazingOnionsUITests.xctest */,
			);
			name = Products;
			sourceTree = "<group>";
		};
		AB6AF12421404A7F006444FA /* BlazingOnions */ = {
			isa = PBXGroup;
			children = (
				AB6AF12521404A7F006444FA /* AppDelegate.swift */,
				AB6AF12721404A7F006444FA /* ViewController.swift */,
				AB6AF12921404A7F006444FA /* Main.storyboard */,
				AB6AF12C21404A80006444FA /* Assets.xcassets */,
				AB6AF12E21404A80006444FA /* LaunchScreen.storyboard */,
				AB6AF13121404A80006444FA /* Info.plist */,
				ABF260662141A31C0003EF1F /* HomePageViewController.swift */,
				ABADF9B121430988002B2E0C /* totalViewController.swift */,
				ABADF9B321433445002B2E0C /* FoodViewController.swift */,
				ABADF9B5214343EE002B2E0C /* DrinksViewController.swift */,
				ABADF9B721434412002B2E0C /* DessertViewController.swift */,
				ABAA0234214833FB00C0A76B /* agency-fb-bold_[allfont.net].ttf */,
				ABAA0236214866CB00C0A76B /* DrinksCollectionViewCell.swift */,
				ABAA0237214866CB00C0A76B /* DrinksCollectionViewCell.xib */,
				ABAA023A214973E800C0A76B /* BurgerCollectionViewCell.swift */,
				ABAA023B214973E800C0A76B /* BurgerCollectionViewCell.xib */,
			);
			path = BlazingOnions;
			sourceTree = "<group>";
		};
		AB6AF13921404A80006444FA /* BlazingOnionsTests */ = {
			isa = PBXGroup;
			children = (
				AB6AF13A21404A80006444FA /* BlazingOnionsTests.swift */,
				AB6AF13C21404A80006444FA /* Info.plist */,
			);
			path = BlazingOnionsTests;
			sourceTree = "<group>";
		};
		AB6AF14421404A80006444FA /* BlazingOnionsUITests */ = {
			isa = PBXGroup;
			children = (
				AB6AF14521404A80006444FA /* BlazingOnionsUITests.swift */,
				AB6AF14721404A80006444FA /* Info.plist */,
			);
			path = BlazingOnionsUITests;
			sourceTree = "<group>";
		};
/* End PBXGroup section */

/* Begin PBXNativeTarget section */
		AB6AF12121404A7F006444FA /* BlazingOnions */ = {
			isa = PBXNativeTarget;
			buildConfigurationList = AB6AF14A21404A80006444FA /* Build configuration list for PBXNativeTarget "BlazingOnions" */;
			buildPhases = (
				AB6AF11E21404A7F006444FA /* Sources */,
				AB6AF11F21404A7F006444FA /* Frameworks */,
				AB6AF12021404A7F006444FA /* Resources */,
			);
			buildRules = (
			);
			dependencies = (
			);
			name = BlazingOnions;
			productName = BlazingOnions;
			productReference = AB6AF12221404A7F006444FA /* BlazingOnions.app */;
			productType = "com.apple.product-type.application";
		};
		AB6AF13521404A80006444FA /* BlazingOnionsTests */ = {
			isa = PBXNativeTarget;
			buildConfigurationList = AB6AF14D21404A80006444FA /* Build configuration list for PBXNativeTarget "BlazingOnionsTests" */;
			buildPhases = (
				AB6AF13221404A80006444FA /* Sources */,
				AB6AF13321404A80006444FA /* Frameworks */,
				AB6AF13421404A80006444FA /* Resources */,
			);
			buildRules = (
			);
			dependencies = (
				AB6AF13821404A80006444FA /* PBXTargetDependency */,
			);
			name = BlazingOnionsTests;
			productName = BlazingOnionsTests;
			productReference = AB6AF13621404A80006444FA /* BlazingOnionsTests.xctest */;
			productType = "com.apple.product-type.bundle.unit-test";
		};
		AB6AF14021404A80006444FA /* BlazingOnionsUITests */ = {
			isa = PBXNativeTarget;
			buildConfigurationList = AB6AF15021404A80006444FA /* Build configuration list for PBXNativeTarget "BlazingOnionsUITests" */;
			buildPhases = (
				AB6AF13D21404A80006444FA /* Sources */,
				AB6AF13E21404A80006444FA /* Frameworks */,
				AB6AF13F21404A80006444FA /* Resources */,
			);
			buildRules = (
			);
			dependencies = (
				AB6AF14321404A80006444FA /* PBXTargetDependency */,
			);
			name = BlazingOnionsUITests;
			productName = BlazingOnionsUITests;
			productReference = AB6AF14121404A80006444FA /* BlazingOnionsUITests.xctest */;
			productType = "com.apple.product-type.bundle.ui-testing";
		};
/* End PBXNativeTarget section */

/* Begin PBXProject section */
		AB6AF11A21404A7F006444FA /* Project object */ = {
			isa = PBXProject;
			attributes = {
				LastSwiftUpdateCheck = 0940;
				LastUpgradeCheck = 0940;
				ORGANIZATIONNAME = "Jonathan Chong";
				TargetAttributes = {
					AB6AF12121404A7F006444FA = {
						CreatedOnToolsVersion = 9.4.1;
					};
					AB6AF13521404A80006444FA = {
						CreatedOnToolsVersion = 9.4.1;
						TestTargetID = AB6AF12121404A7F006444FA;
					};
					AB6AF14021404A80006444FA = {
						CreatedOnToolsVersion = 9.4.1;
						TestTargetID = AB6AF12121404A7F006444FA;
					};
				};
			};
			buildConfigurationList = AB6AF11D21404A7F006444FA /* Build configuration list for PBXProject "BlazingOnions" */;
			compatibilityVersion = "Xcode 9.3";
			developmentRegion = en;
			hasScannedForEncodings = 0;
			knownRegions = (
				en,
				Base,
			);
			mainGroup = AB6AF11921404A7F006444FA;
			productRefGroup = AB6AF12321404A7F006444FA /* Products */;
			projectDirPath = "";
			projectRoot = "";
			targets = (
				AB6AF12121404A7F006444FA /* BlazingOnions */,
				AB6AF13521404A80006444FA /* BlazingOnionsTests */,
				AB6AF14021404A80006444FA /* BlazingOnionsUITests */,
			);
		};
/* End PBXProject section */

/* Begin PBXResourcesBuildPhase section */
		AB6AF12021404A7F006444FA /* Resources */ = {
			isa = PBXResourcesBuildPhase;
			buildActionMask = 2147483647;
			files = (
				ABAA0235214833FC00C0A76B /* agency-fb-bold_[allfont.net].ttf in Resources */,
				AB6AF13021404A80006444FA /* LaunchScreen.storyboard in Resources */,
				ABAA0239214866CB00C0A76B /* DrinksCollectionViewCell.xib in Resources */,
				AB6AF12D21404A80006444FA /* Assets.xcassets in Resources */,
				AB6AF12B21404A7F006444FA /* Main.storyboard in Resources */,
				ABAA023D214973E800C0A76B /* BurgerCollectionViewCell.xib in Resources */,
			);
			runOnlyForDeploymentPostprocessing = 0;
		};
		AB6AF13421404A80006444FA /* Resources */ = {
			isa = PBXResourcesBuildPhase;
			buildActionMask = 2147483647;
			files = (
			);
			runOnlyForDeploymentPostprocessing = 0;
		};
		AB6AF13F21404A80006444FA /* Resources */ = {
			isa = PBXResourcesBuildPhase;
			buildActionMask = 2147483647;
			files = (
			);
			runOnlyForDeploymentPostprocessing = 0;
		};
/* End PBXResourcesBuildPhase section */

/* Begin PBXSourcesBuildPhase section */
		AB6AF11E21404A7F006444FA /* Sources */ = {
			isa = PBXSourcesBuildPhase;
			buildActionMask = 2147483647;
			files = (
				AB6AF12821404A7F006444FA /* ViewController.swift in Sources */,
				ABADF9B421433445002B2E0C /* FoodViewController.swift in Sources */,
				AB6AF12621404A7F006444FA /* AppDelegate.swift in Sources */,
				ABADF9B6214343EE002B2E0C /* DrinksViewController.swift in Sources */,
				ABAA0238214866CB00C0A76B /* DrinksCollectionViewCell.swift in Sources */,
				ABADF9B821434412002B2E0C /* DessertViewController.swift in Sources */,
				ABF260672141A31C0003EF1F /* HomePageViewController.swift in Sources */,
				ABAA023C214973E800C0A76B /* BurgerCollectionViewCell.swift in Sources */,
				ABADF9B221430988002B2E0C /* totalViewController.swift in Sources */,
			);
			runOnlyForDeploymentPostprocessing = 0;
		};
		AB6AF13221404A80006444FA /* Sources */ = {
			isa = PBXSourcesBuildPhase;
			buildActionMask = 2147483647;
			files = (
				AB6AF13B21404A80006444FA /* BlazingOnionsTests.swift in Sources */,
			);
			runOnlyForDeploymentPostprocessing = 0;
		};
		AB6AF13D21404A80006444FA /* Sources */ = {
			isa = PBXSourcesBuildPhase;
			buildActionMask = 2147483647;
			files = (
				AB6AF14621404A80006444FA /* BlazingOnionsUITests.swift in Sources */,
			);
			runOnlyForDeploymentPostprocessing = 0;
		};
/* End PBXSourcesBuildPhase section */

/* Begin PBXTargetDependency section */
		AB6AF13821404A80006444FA /* PBXTargetDependency */ = {
			isa = PBXTargetDependency;
			target = AB6AF12121404A7F006444FA /* BlazingOnions */;
			targetProxy = AB6AF13721404A80006444FA /* PBXContainerItemProxy */;
		};
		AB6AF14321404A80006444FA /* PBXTargetDependency */ = {
			isa = PBXTargetDependency;
			target = AB6AF12121404A7F006444FA /* BlazingOnions */;
			targetProxy = AB6AF14221404A80006444FA /* PBXContainerItemProxy */;
		};
/* End PBXTargetDependency section */

/* Begin PBXVariantGroup section */
		AB6AF12921404A7F006444FA /* Main.storyboard */ = {
			isa = PBXVariantGroup;
			children = (
				AB6AF12A21404A7F006444FA /* Base */,
			);
			name = Main.storyboard;
			sourceTree = "<group>";
		};
		AB6AF12E21404A80006444FA /* LaunchScreen.storyboard */ = {
			isa = PBXVariantGroup;
			children = (
				AB6AF12F21404A80006444FA /* Base */,
			);
			name = LaunchScreen.storyboard;
			sourceTree = "<group>";
		};
/* End PBXVariantGroup section */

/* Begin XCBuildConfiguration section */
		AB6AF14821404A80006444FA /* Debug */ = {
			isa = XCBuildConfiguration;
			buildSettings = {
				ALWAYS_SEARCH_USER_PATHS = NO;
				CLANG_ANALYZER_NONNULL = YES;
				CLANG_ANALYZER_NUMBER_OBJECT_CONVERSION = YES_AGGRESSIVE;
				CLANG_CXX_LANGUAGE_STANDARD = "gnu++14";
				CLANG_CXX_LIBRARY = "libc++";
				CLANG_ENABLE_MODULES = YES;
				CLANG_ENABLE_OBJC_ARC = YES;
				CLANG_ENABLE_OBJC_WEAK = YES;
				CLANG_WARN_BLOCK_CAPTURE_AUTORELEASING = YES;
				CLANG_WARN_BOOL_CONVERSION = YES;
				CLANG_WARN_COMMA = YES;
				CLANG_WARN_CONSTANT_CONVERSION = YES;
				CLANG_WARN_DEPRECATED_OBJC_IMPLEMENTATIONS = YES;
				CLANG_WARN_DIRECT_OBJC_ISA_USAGE = YES_ERROR;
				CLANG_WARN_DOCUMENTATION_COMMENTS = YES;
				CLANG_WARN_EMPTY_BODY = YES;
				CLANG_WARN_ENUM_CONVERSION = YES;
				CLANG_WARN_INFINITE_RECURSION = YES;
				CLANG_WARN_INT_CONVERSION = YES;
				CLANG_WARN_NON_LITERAL_NULL_CONVERSION = YES;
				CLANG_WARN_OBJC_IMPLICIT_RETAIN_SELF = YES;
				CLANG_WARN_OBJC_LITERAL_CONVERSION = YES;
				CLANG_WARN_OBJC_ROOT_CLASS = YES_ERROR;
				CLANG_WARN_RANGE_LOOP_ANALYSIS = YES;
				CLANG_WARN_STRICT_PROTOTYPES = YES;
				CLANG_WARN_SUSPICIOUS_MOVE = YES;
				CLANG_WARN_UNGUARDED_AVAILABILITY = YES_AGGRESSIVE;
				CLANG_WARN_UNREACHABLE_CODE = YES;
				CLANG_WARN__DUPLICATE_METHOD_MATCH = YES;
				CODE_SIGN_IDENTITY = "iPhone Developer";
				COPY_PHASE_STRIP = NO;
				DEBUG_INFORMATION_FORMAT = dwarf;
				ENABLE_STRICT_OBJC_MSGSEND = YES;
				ENABLE_TESTABILITY = YES;
				GCC_C_LANGUAGE_STANDARD = gnu11;
				GCC_DYNAMIC_NO_PIC = NO;
				GCC_NO_COMMON_BLOCKS = YES;
				GCC_OPTIMIZATION_LEVEL = 0;
				GCC_PREPROCESSOR_DEFINITIONS = (
					"DEBUG=1",
					"$(inherited)",
				);
				GCC_WARN_64_TO_32_BIT_CONVERSION = YES;
				GCC_WARN_ABOUT_RETURN_TYPE = YES_ERROR;
				GCC_WARN_UNDECLARED_SELECTOR = YES;
				GCC_WARN_UNINITIALIZED_AUTOS = YES_AGGRESSIVE;
				GCC_WARN_UNUSED_FUNCTION = YES;
				GCC_WARN_UNUSED_VARIABLE = YES;
				IPHONEOS_DEPLOYMENT_TARGET = 11.4;
				MTL_ENABLE_DEBUG_INFO = YES;
				ONLY_ACTIVE_ARCH = YES;
				SDKROOT = iphoneos;
				SWIFT_ACTIVE_COMPILATION_CONDITIONS = DEBUG;
				SWIFT_OPTIMIZATION_LEVEL = "-Onone";
			};
			name = Debug;
		};
		AB6AF14921404A80006444FA /* Release */ = {
			isa = XCBuildConfiguration;
			buildSettings = {
				ALWAYS_SEARCH_USER_PATHS = NO;
				CLANG_ANALYZER_NONNULL = YES;
				CLANG_ANALYZER_NUMBER_OBJECT_CONVERSION = YES_AGGRESSIVE;
				CLANG_CXX_LANGUAGE_STANDARD = "gnu++14";
				CLANG_CXX_LIBRARY = "libc++";
				CLANG_ENABLE_MODULES = YES;
				CLANG_ENABLE_OBJC_ARC = YES;
				CLANG_ENABLE_OBJC_WEAK = YES;
				CLANG_WARN_BLOCK_CAPTURE_AUTORELEASING = YES;
				CLANG_WARN_BOOL_CONVERSION = YES;
				CLANG_WARN_COMMA = YES;
				CLANG_WARN_CONSTANT_CONVERSION = YES;
				CLANG_WARN_DEPRECATED_OBJC_IMPLEMENTATIONS = YES;
				CLANG_WARN_DIRECT_OBJC_ISA_USAGE = YES_ERROR;
				CLANG_WARN_DOCUMENTATION_COMMENTS = YES;
				CLANG_WARN_EMPTY_BODY = YES;
				CLANG_WARN_ENUM_CONVERSION = YES;
				CLANG_WARN_INFINITE_RECURSION = YES;
				CLANG_WARN_INT_CONVERSION = YES;
				CLANG_WARN_NON_LITERAL_NULL_CONVERSION = YES;
				CLANG_WARN_OBJC_IMPLICIT_RETAIN_SELF = YES;
				CLANG_WARN_OBJC_LITERAL_CONVERSION = YES;
				CLANG_WARN_OBJC_ROOT_CLASS = YES_ERROR;
				CLANG_WARN_RANGE_LOOP_ANALYSIS = YES;
				CLANG_WARN_STRICT_PROTOTYPES = YES;
				CLANG_WARN_SUSPICIOUS_MOVE = YES;
				CLANG_WARN_UNGUARDED_AVAILABILITY = YES_AGGRESSIVE;
				CLANG_WARN_UNREACHABLE_CODE = YES;
				CLANG_WARN__DUPLICATE_METHOD_MATCH = YES;
				CODE_SIGN_IDENTITY = "iPhone Developer";
				COPY_PHASE_STRIP = NO;
				DEBUG_INFORMATION_FORMAT = "dwarf-with-dsym";
				ENABLE_NS_ASSERTIONS = NO;
				ENABLE_STRICT_OBJC_MSGSEND = YES;
				GCC_C_LANGUAGE_STANDARD = gnu11;
				GCC_NO_COMMON_BLOCKS = YES;
				GCC_WARN_64_TO_32_BIT_CONVERSION = YES;
				GCC_WARN_ABOUT_RETURN_TYPE = YES_ERROR;
				GCC_WARN_UNDECLARED_SELECTOR = YES;
				GCC_WARN_UNINITIALIZED_AUTOS = YES_AGGRESSIVE;
				GCC_WARN_UNUSED_FUNCTION = YES;
				GCC_WARN_UNUSED_VARIABLE = YES;
				IPHONEOS_DEPLOYMENT_TARGET = 11.4;
				MTL_ENABLE_DEBUG_INFO = NO;
				SDKROOT = iphoneos;
				SWIFT_COMPILATION_MODE = wholemodule;
				SWIFT_OPTIMIZATION_LEVEL = "-O";
				VALIDATE_PRODUCT = YES;
			};
			name = Release;
		};
		AB6AF14B21404A80006444FA /* Debug */ = {
			isa = XCBuildConfiguration;
			buildSettings = {
				ASSETCATALOG_COMPILER_APPICON_NAME = AppIcon;
				CODE_SIGN_STYLE = Automatic;
				INFOPLIST_FILE = BlazingOnions/Info.plist;
				LD_RUNPATH_SEARCH_PATHS = (
					"$(inherited)",
					"@executable_path/Frameworks",
				);
				PRODUCT_BUNDLE_IDENTIFIER = Jonathan.BlazingOnions;
				PRODUCT_NAME = "$(TARGET_NAME)";
				SWIFT_VERSION = 4.0;
				TARGETED_DEVICE_FAMILY = "1,2";
			};
			name = Debug;
		};
		AB6AF14C21404A80006444FA /* Release */ = {
			isa = XCBuildConfiguration;
			buildSettings = {
				ASSETCATALOG_COMPILER_APPICON_NAME = AppIcon;
				CODE_SIGN_STYLE = Automatic;
				INFOPLIST_FILE = BlazingOnions/Info.plist;
				LD_RUNPATH_SEARCH_PATHS = (
					"$(inherited)",
					"@executable_path/Frameworks",
				);
				PRODUCT_BUNDLE_IDENTIFIER = Jonathan.BlazingOnions;
				PRODUCT_NAME = "$(TARGET_NAME)";
				SWIFT_VERSION = 4.0;
				TARGETED_DEVICE_FAMILY = "1,2";
			};
			name = Release;
		};
		AB6AF14E21404A80006444FA /* Debug */ = {
			isa = XCBuildConfiguration;
			buildSettings = {
				ALWAYS_EMBED_SWIFT_STANDARD_LIBRARIES = YES;
				BUNDLE_LOADER = "$(TEST_HOST)";
				CODE_SIGN_STYLE = Automatic;
				INFOPLIST_FILE = BlazingOnionsTests/Info.plist;
				LD_RUNPATH_SEARCH_PATHS = (
					"$(inherited)",
					"@executable_path/Frameworks",
					"@loader_path/Frameworks",
				);
				PRODUCT_BUNDLE_IDENTIFIER = Jonathan.BlazingOnionsTests;
				PRODUCT_NAME = "$(TARGET_NAME)";
				SWIFT_VERSION = 4.0;
				TARGETED_DEVICE_FAMILY = "1,2";
				TEST_HOST = "$(BUILT_PRODUCTS_DIR)/BlazingOnions.app/BlazingOnions";
			};
			name = Debug;
		};
		AB6AF14F21404A80006444FA /* Release */ = {
			isa = XCBuildConfiguration;
			buildSettings = {
				ALWAYS_EMBED_SWIFT_STANDARD_LIBRARIES = YES;
				BUNDLE_LOADER = "$(TEST_HOST)";
				CODE_SIGN_STYLE = Automatic;
				INFOPLIST_FILE = BlazingOnionsTests/Info.plist;
				LD_RUNPATH_SEARCH_PATHS = (
					"$(inherited)",
					"@executable_path/Frameworks",
					"@loader_path/Frameworks",
				);
				PRODUCT_BUNDLE_IDENTIFIER = Jonathan.BlazingOnionsTests;
				PRODUCT_NAME = "$(TARGET_NAME)";
				SWIFT_VERSION = 4.0;
				TARGETED_DEVICE_FAMILY = "1,2";
				TEST_HOST = "$(BUILT_PRODUCTS_DIR)/BlazingOnions.app/BlazingOnions";
			};
			name = Release;
		};
		AB6AF15121404A80006444FA /* Debug */ = {
			isa = XCBuildConfiguration;
			buildSettings = {
				ALWAYS_EMBED_SWIFT_STANDARD_LIBRARIES = YES;
				CODE_SIGN_STYLE = Automatic;
				INFOPLIST_FILE = BlazingOnionsUITests/Info.plist;
				LD_RUNPATH_SEARCH_PATHS = (
					"$(inherited)",
					"@executable_path/Frameworks",
					"@loader_path/Frameworks",
				);
				PRODUCT_BUNDLE_IDENTIFIER = Jonathan.BlazingOnionsUITests;
				PRODUCT_NAME = "$(TARGET_NAME)";
				SWIFT_VERSION = 4.0;
				TARGETED_DEVICE_FAMILY = "1,2";
				TEST_TARGET_NAME = BlazingOnions;
			};
			name = Debug;
		};
		AB6AF15221404A80006444FA /* Release */ = {
			isa = XCBuildConfiguration;
			buildSettings = {
				ALWAYS_EMBED_SWIFT_STANDARD_LIBRARIES = YES;
				CODE_SIGN_STYLE = Automatic;
				INFOPLIST_FILE = BlazingOnionsUITests/Info.plist;
				LD_RUNPATH_SEARCH_PATHS = (
					"$(inherited)",
					"@executable_path/Frameworks",
					"@loader_path/Frameworks",
				);
				PRODUCT_BUNDLE_IDENTIFIER = Jonathan.BlazingOnionsUITests;
				PRODUCT_NAME = "$(TARGET_NAME)";
				SWIFT_VERSION = 4.0;
				TARGETED_DEVICE_FAMILY = "1,2";
				TEST_TARGET_NAME = BlazingOnions;
			};
			name = Release;
		};
/* End XCBuildConfiguration section */

/* Begin XCConfigurationList section */
		AB6AF11D21404A7F006444FA /* Build configuration list for PBXProject "BlazingOnions" */ = {
			isa = XCConfigurationList;
			buildConfigurations = (
				AB6AF14821404A80006444FA /* Debug */,
				AB6AF14921404A80006444FA /* Release */,
			);
			defaultConfigurationIsVisible = 0;
			defaultConfigurationName = Release;
		};
		AB6AF14A21404A80006444FA /* Build configuration list for PBXNativeTarget "BlazingOnions" */ = {
			isa = XCConfigurationList;
			buildConfigurations = (
				AB6AF14B21404A80006444FA /* Debug */,
				AB6AF14C21404A80006444FA /* Release */,
			);
			defaultConfigurationIsVisible = 0;
			defaultConfigurationName = Release;
		};
		AB6AF14D21404A80006444FA /* Build configuration list for PBXNativeTarget "BlazingOnionsTests" */ = {
			isa = XCConfigurationList;
			buildConfigurations = (
				AB6AF14E21404A80006444FA /* Debug */,
				AB6AF14F21404A80006444FA /* Release */,
			);
			defaultConfigurationIsVisible = 0;
			defaultConfigurationName = Release;
		};
		AB6AF15021404A80006444FA /* Build configuration list for PBXNativeTarget "BlazingOnionsUITests" */ = {
			isa = XCConfigurationList;
			buildConfigurations = (
				AB6AF15121404A80006444FA /* Debug */,
				AB6AF15221404A80006444FA /* Release */,
			);
			defaultConfigurationIsVisible = 0;
			defaultConfigurationName = Release;
		};
/* End XCConfigurationList section */
	};
	rootObject = AB6AF11A21404A7F006444FA /* Project object */;
}
